
Microsoft Visual Studio Solution File, Format Version 12.00
# Visual Studio 2013
VisualStudioVersion = 12.0.31101.0
MinimumVisualStudioVersion = 10.0.40219.1
Project("{8BC9CEB8-8B4A-11D0-8D11-00A0C91BC942}") = "xml_1.0", "xml_1.0\xml_1.0.vcxproj", "{EDFDF7A2-7B5F-4DB3-A836-47DFFE8DD870}"
EndProject
Global
	GlobalSection(SolutionConfigurationPlatforms) = preSolution
		Debug|Win32 = Debug|Win32
		Release|Win32 = Release|Win32
	EndGlobalSection
	GlobalSection(ProjectConfigurationPlatforms) = postSolution
		{EDFDF7A2-7B5F-4DB3-A836-47DFFE8DD870}.Debug|Win32.ActiveCfg = Debug|Win32
		{EDFDF7A2-7B5F-4DB3-A836-47DFFE8DD870}.Debug|Win32.Build.0 = Debug|Win32
		{EDFDF7A2-7B5F-4DB3-A836-47DFFE8DD870}.Release|Win32.ActiveCfg = Release|Win32
		{EDFDF7A2-7B5F-4DB3-A836-47DFFE8DD870}.Release|Win32.Build.0 = Release|Win32
	EndGlobalSection
	GlobalSection(SolutionProperties) = preSolution
		HideSolutionNode = FALSE
	EndGlobalSection
EndGlobal
